
Microsoft Visual Studio Solution File, Format Version 12.00
# Visual Studio Version 17
VisualStudioVersion = 17.2.32602.215
MinimumVisualStudioVersion = 10.0.40219.1
Project("{FAE04EC0-301F-11D3-BF4B-00C04F79EFBC}") = "Project02CopyBody", "Project02CopyBody\Project02CopyBody.csproj", "{F1FEFC11-D62C-41B3-9960-D982A9654EA2}"
EndProject
Global
	GlobalSection(SolutionConfigurationPlatforms) = preSolution
		Debug|Any CPU = Debug|Any CPU
		Release|Any CPU = Release|Any CPU
	EndGlobalSection
	GlobalSection(ProjectConfigurationPlatforms) = postSolution
		{F1FEFC11-D62C-41B3-9960-D982A9654EA2}.Debug|Any CPU.ActiveCfg = Debug|Any CPU
		{F1FEFC11-D62C-41B3-9960-D982A9654EA2}.Debug|Any CPU.Build.0 = Debug|Any CPU
		{F1FEFC11-D62C-41B3-9960-D982A9654EA2}.Release|Any CPU.ActiveCfg = Release|Any CPU
		{F1FEFC11-D62C-41B3-9960-D982A9654EA2}.Release|Any CPU.Build.0 = Release|Any CPU
	EndGlobalSection
	GlobalSection(SolutionProperties) = preSolution
		HideSolutionNode = FALSE
	EndGlobalSection
	GlobalSection(ExtensibilityGlobals) = postSolution
		SolutionGuid = {B2B5FF6D-F790-49A6-9ACD-7752E861E548}
	EndGlobalSection
EndGlobal
